// !$*UTF8*$!
{
	archiveVersion = 1;
	classes = {
	};
	objectVersion = 46;
	objects = {

/* Begin PBXBuildFile section */
		141CA1641CAA5FB00082560D /* main.m in Sources */ = {isa = PBXBuildFile; fileRef = 141CA1631CAA5FB00082560D /* main.m */; };
		141CA1671CAA5FB00082560D /* AppDelegate.m in Sources */ = {isa = PBXBuildFile; fileRef = 141CA1661CAA5FB00082560D /* AppDelegate.m */; };
		141CA16A1CAA5FB00082560D /* ViewController.m in Sources */ = {isa = PBXBuildFile; fileRef = 141CA1691CAA5FB00082560D /* ViewController.m */; };
		141CA16D1CAA5FB00082560D /* Main.storyboard in Resources */ = {isa = PBXBuildFile; fileRef = 141CA16B1CAA5FB00082560D /* Main.storyboard */; };
		141CA16F1CAA5FB00082560D /* Assets.xcassets in Resources */ = {isa = PBXBuildFile; fileRef = 141CA16E1CAA5FB00082560D /* Assets.xcassets */; };
		141CA1721CAA5FB00082560D /* LaunchScreen.storyboard in Resources */ = {isa = PBXBuildFile; fileRef = 141CA1701CAA5FB00082560D /* LaunchScreen.storyboard */; };
		141CA17D1CAA5FB00082560D /* ____demoTests.m in Sources */ = {isa = PBXBuildFile; fileRef = 141CA17C1CAA5FB00082560D /* ____demoTests.m */; };
		141CA1881CAA5FB10082560D /* ____demoUITests.m in Sources */ = {isa = PBXBuildFile; fileRef = 141CA1871CAA5FB10082560D /* ____demoUITests.m */; };
/* End PBXBuildFile section */

/* Begin PBXContainerItemProxy section */
		141CA1791CAA5FB00082560D /* PBXContainerItemProxy */ = {
			isa = PBXContainerItemProxy;
			containerPortal = 141CA1571CAA5FB00082560D /* Project object */;
			proxyType = 1;
			remoteGlobalIDString = 141CA15E1CAA5FB00082560D;
			remoteInfo = "测试分页demo";
		};
		141CA1841CAA5FB00082560D /* PBXContainerItemProxy */ = {
			isa = PBXContainerItemProxy;
			containerPortal = 141CA1571CAA5FB00082560D /* Project object */;
			proxyType = 1;
			remoteGlobalIDString = 141CA15E1CAA5FB00082560D;
			remoteInfo = "测试分页demo";
		};
/* End PBXContainerItemProxy section */

/* Begin PBXFileReference section */
		141CA15F1CAA5FB00082560D /* 测试分页demo.app */ = {isa = PBXFileReference; explicitFileType = wrapper.application; includeInIndex = 0; path = "测试分页demo.app"; sourceTree = BUILT_PRODUCTS_DIR; };
		141CA1631CAA5FB00082560D /* main.m */ = {isa = PBXFileReference; lastKnownFileType = sourcecode.c.objc; path = main.m; sourceTree = "<group>"; };
		141CA1651CAA5FB00082560D /* AppDelegate.h */ = {isa = PBXFileReference; lastKnownFileType = sourcecode.c.h; path = AppDelegate.h; sourceTree = "<group>"; };
		141CA1661CAA5FB00082560D /* AppDelegate.m */ = {isa = PBXFileReference; lastKnownFileType = sourcecode.c.objc; path = AppDelegate.m; sourceTree = "<group>"; };
		141CA1681CAA5FB00082560D /* ViewController.h */ = {isa = PBXFileReference; lastKnownFileType = sourcecode.c.h; path = ViewController.h; sourceTree = "<group>"; };
		141CA1691CAA5FB00082560D /* ViewController.m */ = {isa = PBXFileReference; lastKnownFileType = sourcecode.c.objc; path = ViewController.m; sourceTree = "<group>"; };
		141CA16C1CAA5FB00082560D /* Base */ = {isa = PBXFileReference; lastKnownFileType = file.storyboard; name = Base; path = Base.lproj/Main.storyboard; sourceTree = "<group>"; };
		141CA16E1CAA5FB00082560D /* Assets.xcassets */ = {isa = PBXFileReference; lastKnownFileType = folder.assetcatalog; path = Assets.xcassets; sourceTree = "<group>"; };
		141CA1711CAA5FB00082560D /* Base */ = {isa = PBXFileReference; lastKnownFileType = file.storyboard; name = Base; path = Base.lproj/LaunchScreen.storyboard; sourceTree = "<group>"; };
		141CA1731CAA5FB00082560D /* Info.plist */ = {isa = PBXFileReference; lastKnownFileType = text.plist.xml; path = Info.plist; sourceTree = "<group>"; };
		141CA1781CAA5FB00082560D /* 测试分页demoTests.xctest */ = {isa = PBXFileReference; explicitFileType = wrapper.cfbundle; includeInIndex = 0; path = "测试分页demoTests.xctest"; sourceTree = BUILT_PRODUCTS_DIR; };
		141CA17C1CAA5FB00082560D /* ____demoTests.m */ = {isa = PBXFileReference; lastKnownFileType = sourcecode.c.objc; path = "____demoTests.m"; sourceTree = "<group>"; };
		141CA17E1CAA5FB00082560D /* Info.plist */ = {isa = PBXFileReference; lastKnownFileType = text.plist.xml; path = Info.plist; sourceTree = "<group>"; };
		141CA1831CAA5FB00082560D /* 测试分页demoUITests.xctest */ = {isa = PBXFileReference; explicitFileType = wrapper.cfbundle; includeInIndex = 0; path = "测试分页demoUITests.xctest"; sourceTree = BUILT_PRODUCTS_DIR; };
		141CA1871CAA5FB10082560D /* ____demoUITests.m */ = {isa = PBXFileReference; lastKnownFileType = sourcecode.c.objc; path = "____demoUITests.m"; sourceTree = "<group>"; };
		141CA1891CAA5FB10082560D /* Info.plist */ = {isa = PBXFileReference; lastKnownFileType = text.plist.xml; path = Info.plist; sourceTree = "<group>"; };
/* End PBXFileReference section */

/* Begin PBXFrameworksBuildPhase section */
		141CA15C1CAA5FB00082560D /* Frameworks */ = {
			isa = PBXFrameworksBuildPhase;
			buildActionMask = 2147483647;
			files = (
			);
			runOnlyForDeploymentPostprocessing = 0;
		};
		141CA1751CAA5FB00082560D /* Frameworks */ = {
			isa = PBXFrameworksBuildPhase;
			buildActionMask = 2147483647;
			files = (
			);
			runOnlyForDeploymentPostprocessing = 0;
		};
		141CA1801CAA5FB00082560D /* Frameworks */ = {
			isa = PBXFrameworksBuildPhase;
			buildActionMask = 2147483647;
			files = (
			);
			runOnlyForDeploymentPostprocessing = 0;
		};
/* End PBXFrameworksBuildPhase section */

/* Begin PBXGroup section */
		141CA1561CAA5FB00082560D = {
			isa = PBXGroup;
			children = (
				141CA1611CAA5FB00082560D /* 测试分页demo */,
				141CA17B1CAA5FB00082560D /* 测试分页demoTests */,
				141CA1861CAA5FB10082560D /* 测试分页demoUITests */,
				141CA1601CAA5FB00082560D /* Products */,
			);
			sourceTree = "<group>";
		};
		141CA1601CAA5FB00082560D /* Products */ = {
			isa = PBXGroup;
			children = (
				141CA15F1CAA5FB00082560D /* 测试分页demo.app */,
				141CA1781CAA5FB00082560D /* 测试分页demoTests.xctest */,
				141CA1831CAA5FB00082560D /* 测试分页demoUITests.xctest */,
			);
			name = Products;
			sourceTree = "<group>";
		};
		141CA1611CAA5FB00082560D /* 测试分页demo */ = {
			isa = PBXGroup;
			children = (
				141CA1651CAA5FB00082560D /* AppDelegate.h */,
				141CA1661CAA5FB00082560D /* AppDelegate.m */,
				141CA1681CAA5FB00082560D /* ViewController.h */,
				141CA1691CAA5FB00082560D /* ViewController.m */,
				141CA16B1CAA5FB00082560D /* Main.storyboard */,
				141CA16E1CAA5FB00082560D /* Assets.xcassets */,
				141CA1701CAA5FB00082560D /* LaunchScreen.storyboard */,
				141CA1731CAA5FB00082560D /* Info.plist */,
				141CA1621CAA5FB00082560D /* Supporting Files */,
			);
			path = "测试分页demo";
			sourceTree = "<group>";
		};
		141CA1621CAA5FB00082560D /* Supporting Files */ = {
			isa = PBXGroup;
			children = (
				141CA1631CAA5FB00082560D /* main.m */,
			);
			name = "Supporting Files";
			sourceTree = "<group>";
		};
		141CA17B1CAA5FB00082560D /* 测试分页demoTests */ = {
			isa = PBXGroup;
			children = (
				141CA17C1CAA5FB00082560D /* ____demoTests.m */,
				141CA17E1CAA5FB00082560D /* Info.plist */,
			);
			path = "测试分页demoTests";
			sourceTree = "<group>";
		};
		141CA1861CAA5FB10082560D /* 测试分页demoUITests */ = {
			isa = PBXGroup;
			children = (
				141CA1871CAA5FB10082560D /* ____demoUITests.m */,
				141CA1891CAA5FB10082560D /* Info.plist */,
			);
			path = "测试分页demoUITests";
			sourceTree = "<group>";
		};
/* End PBXGroup section */

/* Begin PBXNativeTarget section */
		141CA15E1CAA5FB00082560D /* 测试分页demo */ = {
			isa = PBXNativeTarget;
			buildConfigurationList = 141CA18C1CAA5FB10082560D /* Build configuration list for PBXNativeTarget "测试分页demo" */;
			buildPhases = (
				141CA15B1CAA5FB00082560D /* Sources */,
				141CA15C1CAA5FB00082560D /* Frameworks */,
				141CA15D1CAA5FB00082560D /* Resources */,
			);
			buildRules = (
			);
			dependencies = (
			);
			name = "测试分页demo";
			productName = "测试分页demo";
			productReference = 141CA15F1CAA5FB00082560D /* 测试分页demo.app */;
			productType = "com.apple.product-type.application";
		};
		141CA1771CAA5FB00082560D /* 测试分页demoTests */ = {
			isa = PBXNativeTarget;
			buildConfigurationList = 141CA18F1CAA5FB10082560D /* Build configuration list for PBXNativeTarget "测试分页demoTests" */;
			buildPhases = (
				141CA1741CAA5FB00082560D /* Sources */,
				141CA1751CAA5FB00082560D /* Frameworks */,
				141CA1761CAA5FB00082560D /* Resources */,
			);
			buildRules = (
			);
			dependencies = (
				141CA17A1CAA5FB00082560D /* PBXTargetDependency */,
			);
			name = "测试分页demoTests";
			productName = "测试分页demoTests";
			productReference = 141CA1781CAA5FB00082560D /* 测试分页demoTests.xctest */;
			productType = "com.apple.product-type.bundle.unit-test";
		};
		141CA1821CAA5FB00082560D /* 测试分页demoUITests */ = {
			isa = PBXNativeTarget;
			buildConfigurationList = 141CA1921CAA5FB10082560D /* Build configuration list for PBXNativeTarget "测试分页demoUITests" */;
			buildPhases = (
				141CA17F1CAA5FB00082560D /* Sources */,
				141CA1801CAA5FB00082560D /* Frameworks */,
				141CA1811CAA5FB00082560D /* Resources */,
			);
			buildRules = (
			);
			dependencies = (
				141CA1851CAA5FB00082560D /* PBXTargetDependency */,
			);
			name = "测试分页demoUITests";
			productName = "测试分页demoUITests";
			productReference = 141CA1831CAA5FB00082560D /* 测试分页demoUITests.xctest */;
			productType = "com.apple.product-type.bundle.ui-testing";
		};
/* End PBXNativeTarget section */

/* Begin PBXProject section */
		141CA1571CAA5FB00082560D /* Project object */ = {
			isa = PBXProject;
			attributes = {
				LastUpgradeCheck = 0720;
				ORGANIZATIONNAME = webuddy;
				TargetAttributes = {
					141CA15E1CAA5FB00082560D = {
						CreatedOnToolsVersion = 7.2.1;
					};
					141CA1771CAA5FB00082560D = {
						CreatedOnToolsVersion = 7.2.1;
						TestTargetID = 141CA15E1CAA5FB00082560D;
					};
					141CA1821CAA5FB00082560D = {
						CreatedOnToolsVersion = 7.2.1;
						TestTargetID = 141CA15E1CAA5FB00082560D;
					};
				};
			};
			buildConfigurationList = 141CA15A1CAA5FB00082560D /* Build configuration list for PBXProject "测试分页demo" */;
			compatibilityVersion = "Xcode 3.2";
			developmentRegion = English;
			hasScannedForEncodings = 0;
			knownRegions = (
				en,
				Base,
			);
			mainGroup = 141CA1561CAA5FB00082560D;
			productRefGroup = 141CA1601CAA5FB00082560D /* Products */;
			projectDirPath = "";
			projectRoot = "";
			targets = (
				141CA15E1CAA5FB00082560D /* 测试分页demo */,
				141CA1771CAA5FB00082560D /* 测试分页demoTests */,
				141CA1821CAA5FB00082560D /* 测试分页demoUITests */,
			);
		};
/* End PBXProject section */

/* Begin PBXResourcesBuildPhase section */
		141CA15D1CAA5FB00082560D /* Resources */ = {
			isa = PBXResourcesBuildPhase;
			buildActionMask = 2147483647;
			files = (
				141CA1721CAA5FB00082560D /* LaunchScreen.storyboard in Resources */,
				141CA16F1CAA5FB00082560D /* Assets.xcassets in Resources */,
				141CA16D1CAA5FB00082560D /* Main.storyboard in Resources */,
			);
			runOnlyForDeploymentPostprocessing = 0;
		};
		141CA1761CAA5FB00082560D /* Resources */ = {
			isa = PBXResourcesBuildPhase;
			buildActionMask = 2147483647;
			files = (
			);
			runOnlyForDeploymentPostprocessing = 0;
		};
		141CA1811CAA5FB00082560D /* Resources */ = {
			isa = PBXResourcesBuildPhase;
			buildActionMask = 2147483647;
			files = (
			);
			runOnlyForDeploymentPostprocessing = 0;
		};
/* End PBXResourcesBuildPhase section */

/* Begin PBXSourcesBuildPhase section */
		141CA15B1CAA5FB00082560D /* Sources */ = {
			isa = PBXSourcesBuildPhase;
			buildActionMask = 2147483647;
			files = (
				141CA16A1CAA5FB00082560D /* ViewController.m in Sources */,
				141CA1671CAA5FB00082560D /* AppDelegate.m in Sources */,
				141CA1641CAA5FB00082560D /* main.m in Sources */,
			);
			runOnlyForDeploymentPostprocessing = 0;
		};
		141CA1741CAA5FB00082560D /* Sources */ = {
			isa = PBXSourcesBuildPhase;
			buildActionMask = 2147483647;
			files = (
				141CA17D1CAA5FB00082560D /* ____demoTests.m in Sources */,
			);
			runOnlyForDeploymentPostprocessing = 0;
		};
		141CA17F1CAA5FB00082560D /* Sources */ = {
			isa = PBXSourcesBuildPhase;
			buildActionMask = 2147483647;
			files = (
				141CA1881CAA5FB10082560D /* ____demoUITests.m in Sources */,
			);
			runOnlyForDeploymentPostprocessing = 0;
		};
/* End PBXSourcesBuildPhase section */

/* Begin PBXTargetDependency section */
		141CA17A1CAA5FB00082560D /* PBXTargetDependency */ = {
			isa = PBXTargetDependency;
			target = 141CA15E1CAA5FB00082560D /* 测试分页demo */;
			targetProxy = 141CA1791CAA5FB00082560D /* PBXContainerItemProxy */;
		};
		141CA1851CAA5FB00082560D /* PBXTargetDependency */ = {
			isa = PBXTargetDependency;
			target = 141CA15E1CAA5FB00082560D /* 测试分页demo */;
			targetProxy = 141CA1841CAA5FB00082560D /* PBXContainerItemProxy */;
		};
/* End PBXTargetDependency section */

/* Begin PBXVariantGroup section */
		141CA16B1CAA5FB00082560D /* Main.storyboard */ = {
			isa = PBXVariantGroup;
			children = (
				141CA16C1CAA5FB00082560D /* Base */,
			);
			name = Main.storyboard;
			sourceTree = "<group>";
		};
		141CA1701CAA5FB00082560D /* LaunchScreen.storyboard */ = {
			isa = PBXVariantGroup;
			children = (
				141CA1711CAA5FB00082560D /* Base */,
			);
			name = LaunchScreen.storyboard;
			sourceTree = "<group>";
		};
/* End PBXVariantGroup section */

/* Begin XCBuildConfiguration section */
		141CA18A1CAA5FB10082560D /* Debug */ = {
			isa = XCBuildConfiguration;
			buildSettings = {
				ALWAYS_SEARCH_USER_PATHS = NO;
				CLANG_CXX_LANGUAGE_STANDARD = "gnu++0x";
				CLANG_CXX_LIBRARY = "libc++";
				CLANG_ENABLE_MODULES = YES;
				CLANG_ENABLE_OBJC_ARC = YES;
				CLANG_WARN_BOOL_CONVERSION = YES;
				CLANG_WARN_CONSTANT_CONVERSION = YES;
				CLANG_WARN_DIRECT_OBJC_ISA_USAGE = YES_ERROR;
				CLANG_WARN_EMPTY_BODY = YES;
				CLANG_WARN_ENUM_CONVERSION = YES;
				CLANG_WARN_INT_CONVERSION = YES;
				CLANG_WARN_OBJC_ROOT_CLASS = YES_ERROR;
				CLANG_WARN_UNREACHABLE_CODE = YES;
				CLANG_WARN__DUPLICATE_METHOD_MATCH = YES;
				"CODE_SIGN_IDENTITY[sdk=iphoneos*]" = "iPhone Developer";
				COPY_PHASE_STRIP = NO;
				DEBUG_INFORMATION_FORMAT = dwarf;
				ENABLE_STRICT_OBJC_MSGSEND = YES;
				ENABLE_TESTABILITY = YES;
				GCC_C_LANGUAGE_STANDARD = gnu99;
				GCC_DYNAMIC_NO_PIC = NO;
				GCC_NO_COMMON_BLOCKS = YES;
				GCC_OPTIMIZATION_LEVEL = 0;
				GCC_PREPROCESSOR_DEFINITIONS = (
					"DEBUG=1",
					"$(inherited)",
				);
				GCC_WARN_64_TO_32_BIT_CONVERSION = YES;
				GCC_WARN_ABOUT_RETURN_TYPE = YES_ERROR;
				GCC_WARN_UNDECLARED_SELECTOR = YES;
				GCC_WARN_UNINITIALIZED_AUTOS = YES_AGGRESSIVE;
				GCC_WARN_UNUSED_FUNCTION = YES;
				GCC_WARN_UNUSED_VARIABLE = YES;
				IPHONEOS_DEPLOYMENT_TARGET = 9.2;
				MTL_ENABLE_DEBUG_INFO = YES;
				ONLY_ACTIVE_ARCH = YES;
				SDKROOT = iphoneos;
				TARGETED_DEVICE_FAMILY = "1,2";
			};
			name = Debug;
		};
		141CA18B1CAA5FB10082560D /* Release */ = {
			isa = XCBuildConfiguration;
			buildSettings = {
				ALWAYS_SEARCH_USER_PATHS = NO;
				CLANG_CXX_LANGUAGE_STANDARD = "gnu++0x";
				CLANG_CXX_LIBRARY = "libc++";
				CLANG_ENABLE_MODULES = YES;
				CLANG_ENABLE_OBJC_ARC = YES;
				CLANG_WARN_BOOL_CONVERSION = YES;
				CLANG_WARN_CONSTANT_CONVERSION = YES;
				CLANG_WARN_DIRECT_OBJC_ISA_USAGE = YES_ERROR;
				CLANG_WARN_EMPTY_BODY = YES;
				CLANG_WARN_ENUM_CONVERSION = YES;
				CLANG_WARN_INT_CONVERSION = YES;
				CLANG_WARN_OBJC_ROOT_CLASS = YES_ERROR;
				CLANG_WARN_UNREACHABLE_CODE = YES;
				CLANG_WARN__DUPLICATE_METHOD_MATCH = YES;
				"CODE_SIGN_IDENTITY[sdk=iphoneos*]" = "iPhone Developer";
				COPY_PHASE_STRIP = NO;
				DEBUG_INFORMATION_FORMAT = "dwarf-with-dsym";
				ENABLE_NS_ASSERTIONS = NO;
				ENABLE_STRICT_OBJC_MSGSEND = YES;
				GCC_C_LANGUAGE_STANDARD = gnu99;
				GCC_NO_COMMON_BLOCKS = YES;
				GCC_WARN_64_TO_32_BIT_CONVERSION = YES;
				GCC_WARN_ABOUT_RETURN_TYPE = YES_ERROR;
				GCC_WARN_UNDECLARED_SELECTOR = YES;
				GCC_WARN_UNINITIALIZED_AUTOS = YES_AGGRESSIVE;
				GCC_WARN_UNUSED_FUNCTION = YES;
				GCC_WARN_UNUSED_VARIABLE = YES;
				IPHONEOS_DEPLOYMENT_TARGET = 9.2;
				MTL_ENABLE_DEBUG_INFO = NO;
				SDKROOT = iphoneos;
				TARGETED_DEVICE_FAMILY = "1,2";
				VALIDATE_PRODUCT = YES;
			};
			name = Release;
		};
		141CA18D1CAA5FB10082560D /* Debug */ = {
			isa = XCBuildConfiguration;
			buildSettings = {
				ASSETCATALOG_COMPILER_APPICON_NAME = AppIcon;
				INFOPLIST_FILE = "测试分页demo/Info.plist";
				LD_RUNPATH_SEARCH_PATHS = "$(inherited) @executable_path/Frameworks";
				PRODUCT_BUNDLE_IDENTIFIER = "com.webuddy.----demo";
				PRODUCT_NAME = "$(TARGET_NAME)";
			};
			name = Debug;
		};
		141CA18E1CAA5FB10082560D /* Release */ = {
			isa = XCBuildConfiguration;
			buildSettings = {
				ASSETCATALOG_COMPILER_APPICON_NAME = AppIcon;
				INFOPLIST_FILE = "测试分页demo/Info.plist";
				LD_RUNPATH_SEARCH_PATHS = "$(inherited) @executable_path/Frameworks";
				PRODUCT_BUNDLE_IDENTIFIER = "com.webuddy.----demo";
				PRODUCT_NAME = "$(TARGET_NAME)";
			};
			name = Release;
		};
		141CA1901CAA5FB10082560D /* Debug */ = {
			isa = XCBuildConfiguration;
			buildSettings = {
				BUNDLE_LOADER = "$(TEST_HOST)";
				INFOPLIST_FILE = "测试分页demoTests/Info.plist";
				LD_RUNPATH_SEARCH_PATHS = "$(inherited) @executable_path/Frameworks @loader_path/Frameworks";
				PRODUCT_BUNDLE_IDENTIFIER = "com.webuddy.----demoTests";
				PRODUCT_NAME = "$(TARGET_NAME)";
				TEST_HOST = "$(BUILT_PRODUCTS_DIR)/测试分页demo.app/测试分页demo";
			};
			name = Debug;
		};
		141CA1911CAA5FB10082560D /* Release */ = {
			isa = XCBuildConfiguration;
			buildSettings = {
				BUNDLE_LOADER = "$(TEST_HOST)";
				INFOPLIST_FILE = "测试分页demoTests/Info.plist";
				LD_RUNPATH_SEARCH_PATHS = "$(inherited) @executable_path/Frameworks @loader_path/Frameworks";
				PRODUCT_BUNDLE_IDENTIFIER = "com.webuddy.----demoTests";
				PRODUCT_NAME = "$(TARGET_NAME)";
				TEST_HOST = "$(BUILT_PRODUCTS_DIR)/测试分页demo.app/测试分页demo";
			};
			name = Release;
		};
		141CA1931CAA5FB10082560D /* Debug */ = {
			isa = XCBuildConfiguration;
			buildSettings = {
				INFOPLIST_FILE = "测试分页demoUITests/Info.plist";
				LD_RUNPATH_SEARCH_PATHS = "$(inherited) @executable_path/Frameworks @loader_path/Frameworks";
				PRODUCT_BUNDLE_IDENTIFIER = "com.webuddy.----demoUITests";
				PRODUCT_NAME = "$(TARGET_NAME)";
				TEST_TARGET_NAME = "测试分页demo";
				USES_XCTRUNNER = YES;
			};
			name = Debug;
		};
		141CA1941CAA5FB10082560D /* Release */ = {
			isa = XCBuildConfiguration;
			buildSettings = {
				INFOPLIST_FILE = "测试分页demoUITests/Info.plist";
				LD_RUNPATH_SEARCH_PATHS = "$(inherited) @executable_path/Frameworks @loader_path/Frameworks";
				PRODUCT_BUNDLE_IDENTIFIER = "com.webuddy.----demoUITests";
				PRODUCT_NAME = "$(TARGET_NAME)";
				TEST_TARGET_NAME = "测试分页demo";
				USES_XCTRUNNER = YES;
			};
			name = Release;
		};
/* End XCBuildConfiguration section */

/* Begin XCConfigurationList section */
		141CA15A1CAA5FB00082560D /* Build configuration list for PBXProject "测试分页demo" */ = {
			isa = XCConfigurationList;
			buildConfigurations = (
				141CA18A1CAA5FB10082560D /* Debug */,
				141CA18B1CAA5FB10082560D /* Release */,
			);
			defaultConfigurationIsVisible = 0;
			defaultConfigurationName = Release;
		};
		141CA18C1CAA5FB10082560D /* Build configuration list for PBXNativeTarget "测试分页demo" */ = {
			isa = XCConfigurationList;
			buildConfigurations = (
				141CA18D1CAA5FB10082560D /* Debug */,
				141CA18E1CAA5FB10082560D /* Release */,
			);
			defaultConfigurationIsVisible = 0;
		};
		141CA18F1CAA5FB10082560D /* Build configuration list for PBXNativeTarget "测试分页demoTests" */ = {
			isa = XCConfigurationList;
			buildConfigurations = (
				141CA1901CAA5FB10082560D /* Debug */,
				141CA1911CAA5FB10082560D /* Release */,
			);
			defaultConfigurationIsVisible = 0;
		};
		141CA1921CAA5FB10082560D /* Build configuration list for PBXNativeTarget "测试分页demoUITests" */ = {
			isa = XCConfigurationList;
			buildConfigurations = (
				141CA1931CAA5FB10082560D /* Debug */,
				141CA1941CAA5FB10082560D /* Release */,
			);
			defaultConfigurationIsVisible = 0;
		};
/* End XCConfigurationList section */
	};
	rootObject = 141CA1571CAA5FB00082560D /* Project object */;
}
